
Microsoft Visual Studio Solution File, Format Version 12.00
# Visual Studio Version 17
VisualStudioVersion = 17.9.34723.18
MinimumVisualStudioVersion = 10.0.40219.1
Project("{FAE04EC0-301F-11D3-BF4B-00C04F79EFBC}") = "GameSealZadanie.WebAPI", "GameSealZadanie.WebAPI\GameSealZadanie.WebAPI.csproj", "{CF8BBA04-AE09-4A08-94D6-F1B13E82F9DB}"
EndProject
Project("{FAE04EC0-301F-11D3-BF4B-00C04F79EFBC}") = "GameSealZadanie.Domain", "GameSealZadanie.Domain\GameSealZadanie.Domain.csproj", "{7C0F9BF9-6BA1-449C-A3BF-187A95F6BA30}"
EndProject
Global
	GlobalSection(SolutionConfigurationPlatforms) = preSolution
		Debug|Any CPU = Debug|Any CPU
		Release|Any CPU = Release|Any CPU
	EndGlobalSection
	GlobalSection(ProjectConfigurationPlatforms) = postSolution
		{CF8BBA04-AE09-4A08-94D6-F1B13E82F9DB}.Debug|Any CPU.ActiveCfg = Debug|Any CPU
		{CF8BBA04-AE09-4A08-94D6-F1B13E82F9DB}.Debug|Any CPU.Build.0 = Debug|Any CPU
		{CF8BBA04-AE09-4A08-94D6-F1B13E82F9DB}.Release|Any CPU.ActiveCfg = Release|Any CPU
		{CF8BBA04-AE09-4A08-94D6-F1B13E82F9DB}.Release|Any CPU.Build.0 = Release|Any CPU
		{7C0F9BF9-6BA1-449C-A3BF-187A95F6BA30}.Debug|Any CPU.ActiveCfg = Debug|Any CPU
		{7C0F9BF9-6BA1-449C-A3BF-187A95F6BA30}.Debug|Any CPU.Build.0 = Debug|Any CPU
		{7C0F9BF9-6BA1-449C-A3BF-187A95F6BA30}.Release|Any CPU.ActiveCfg = Release|Any CPU
		{7C0F9BF9-6BA1-449C-A3BF-187A95F6BA30}.Release|Any CPU.Build.0 = Release|Any CPU
	EndGlobalSection
	GlobalSection(SolutionProperties) = preSolution
		HideSolutionNode = FALSE
	EndGlobalSection
	GlobalSection(ExtensibilityGlobals) = postSolution
		SolutionGuid = {C3A4B928-BCAF-47B6-AFD2-3576A45947E7}
	EndGlobalSection
EndGlobal
